
Microsoft Visual Studio Solution File, Format Version 12.00
# Visual Studio Version 17
VisualStudioVersion = 17.5.002.0
MinimumVisualStudioVersion = 10.0.40219.1
Project("{9A19103F-16F7-4668-BE54-9A1E7A4F7556}") = "backend", "backend\backend.csproj", "{BC3970CB-7D2B-4969-9C40-336A4282FDCD}"
EndProject
Global
	GlobalSection(SolutionConfigurationPlatforms) = preSolution
		Debug|Any CPU = Debug|Any CPU
		Release|Any CPU = Release|Any CPU
	EndGlobalSection
	GlobalSection(ProjectConfigurationPlatforms) = postSolution
		{BC3970CB-7D2B-4969-9C40-336A4282FDCD}.Debug|Any CPU.ActiveCfg = Debug|Any CPU
		{BC3970CB-7D2B-4969-9C40-336A4282FDCD}.Debug|Any CPU.Build.0 = Debug|Any CPU
		{BC3970CB-7D2B-4969-9C40-336A4282FDCD}.Release|Any CPU.ActiveCfg = Release|Any CPU
		{BC3970CB-7D2B-4969-9C40-336A4282FDCD}.Release|Any CPU.Build.0 = Release|Any CPU
	EndGlobalSection
	GlobalSection(SolutionProperties) = preSolution
		HideSolutionNode = FALSE
	EndGlobalSection
	GlobalSection(ExtensibilityGlobals) = postSolution
		SolutionGuid = {3A7ACDC2-5423-4DF1-96F5-3B53A2C119F7}
	EndGlobalSection
EndGlobal
